
Microsoft Visual Studio Solution File, Format Version 12.00
# Visual Studio Version 18
VisualStudioVersion = 18.5.11605.296
MinimumVisualStudioVersion = 10.0.40219.1
Project("{9A19103F-16F7-4668-BE54-9A1E7A4F7556}") = "CommandPauseRemade", "CommandPauseRemade\CommandPauseRemade.csproj", "{2F8A40CC-6D15-486D-B689-0A7A472DB89E}"
EndProject
Project("{D954291E-2A0B-460D-934E-DC6B0785DB48}") = "RamuneLib-RoR2ified", "RamuneLib-RoR2ified\RamuneLib-RoR2ified.shproj", "{C543D656-F49D-4EB5-B6AF-13A5AC541F64}"
EndProject
Project("{2150E333-8FDC-42A3-9474-1A3956D46DE8}") = "Mods", "Mods", "{C3D91385-7625-4877-A8B3-8E8D813EEAC7}"
EndProject
Project("{2150E333-8FDC-42A3-9474-1A3956D46DE8}") = "Other", "Other", "{D6A2C992-312B-4EC4-B032-289FFDA87D90}"
EndProject
Project("{FAE04EC0-301F-11D3-BF4B-00C04F79EFBC}") = "InfiniteChanceRemade", "InfiniteChanceRemade\InfiniteChanceRemade.csproj", "{A57022D9-418F-06FD-CC5D-46FDD2F2126E}"
EndProject
Project("{FAE04EC0-301F-11D3-BF4B-00C04F79EFBC}") = "LocaterRemade", "LocaterRemade\LocaterRemade.csproj", "{8EA494D0-0DBE-A84C-B552-37398DC4E383}"
EndProject
Project("{FAE04EC0-301F-11D3-BF4B-00C04F79EFBC}") = "RememberRunSettings", "RememberRunSettings\RememberRunSettings.csproj", "{CBBE5359-3131-43C8-B953-2B4F1B7FA690}"
EndProject
Project("{FAE04EC0-301F-11D3-BF4B-00C04F79EFBC}") = "AutoExitEscapePod", "AutoExitEscapePod\AutoExitEscapePod.csproj", "{CDF5A65B-F4C5-4177-A8C3-C6E4F7014C44}"
EndProject
Project("{FAE04EC0-301F-11D3-BF4B-00C04F79EFBC}") = "SelfDestructableDrones", "SelfDestructableDrones\SelfDestructableDrones.csproj", "{AF1395F2-549B-49AD-9977-C1AC09DEBB1D}"
EndProject
Project("{FAE04EC0-301F-11D3-BF4B-00C04F79EFBC}") = "UnReadyUp", "UnReadyUp\UnReadyUp.csproj", "{19280814-1B0F-4302-9D55-9998DBC2B94A}"
EndProject
Project("{FAE04EC0-301F-11D3-BF4B-00C04F79EFBC}") = "AutoPickupLunarCoins", "AutoPickupLunarCoins\AutoPickupLunarCoins.csproj", "{F9F9715C-E2FF-419B-B6EB-BF7EED16518A}"
EndProject
Project("{FAE04EC0-301F-11D3-BF4B-00C04F79EFBC}") = "AutoMove", "AutoMove\AutoMove.csproj", "{F4DB638B-6CAD-4C14-A112-22406600A1ED}"
EndProject
Global
	GlobalSection(SolutionConfigurationPlatforms) = preSolution
		Debug|Any CPU = Debug|Any CPU
		Release|Any CPU = Release|Any CPU
	EndGlobalSection
	GlobalSection(ProjectConfigurationPlatforms) = postSolution
		{2F8A40CC-6D15-486D-B689-0A7A472DB89E}.Debug|Any CPU.ActiveCfg = Debug|Any CPU
		{2F8A40CC-6D15-486D-B689-0A7A472DB89E}.Debug|Any CPU.Build.0 = Debug|Any CPU
		{2F8A40CC-6D15-486D-B689-0A7A472DB89E}.Release|Any CPU.ActiveCfg = Release|Any CPU
		{2F8A40CC-6D15-486D-B689-0A7A472DB89E}.Release|Any CPU.Build.0 = Release|Any CPU
		{A57022D9-418F-06FD-CC5D-46FDD2F2126E}.Debug|Any CPU.ActiveCfg = Debug|Any CPU
		{A57022D9-418F-06FD-CC5D-46FDD2F2126E}.Debug|Any CPU.Build.0 = Debug|Any CPU
		{A57022D9-418F-06FD-CC5D-46FDD2F2126E}.Release|Any CPU.ActiveCfg = Release|Any CPU
		{A57022D9-418F-06FD-CC5D-46FDD2F2126E}.Release|Any CPU.Build.0 = Release|Any CPU
		{8EA494D0-0DBE-A84C-B552-37398DC4E383}.Debug|Any CPU.ActiveCfg = Debug|Any CPU
		{8EA494D0-0DBE-A84C-B552-37398DC4E383}.Debug|Any CPU.Build.0 = Debug|Any CPU
		{8EA494D0-0DBE-A84C-B552-37398DC4E383}.Release|Any CPU.ActiveCfg = Release|Any CPU
		{8EA494D0-0DBE-A84C-B552-37398DC4E383}.Release|Any CPU.Build.0 = Release|Any CPU
		{CBBE5359-3131-43C8-B953-2B4F1B7FA690}.Debug|Any CPU.ActiveCfg = Debug|Any CPU
		{CBBE5359-3131-43C8-B953-2B4F1B7FA690}.Debug|Any CPU.Build.0 = Debug|Any CPU
		{CBBE5359-3131-43C8-B953-2B4F1B7FA690}.Release|Any CPU.ActiveCfg = Release|Any CPU
		{CBBE5359-3131-43C8-B953-2B4F1B7FA690}.Release|Any CPU.Build.0 = Release|Any CPU
		{CDF5A65B-F4C5-4177-A8C3-C6E4F7014C44}.Debug|Any CPU.ActiveCfg = Debug|Any CPU
		{CDF5A65B-F4C5-4177-A8C3-C6E4F7014C44}.Debug|Any CPU.Build.0 = Debug|Any CPU
		{CDF5A65B-F4C5-4177-A8C3-C6E4F7014C44}.Release|Any CPU.ActiveCfg = Release|Any CPU
		{CDF5A65B-F4C5-4177-A8C3-C6E4F7014C44}.Release|Any CPU.Build.0 = Release|Any CPU
		{AF1395F2-549B-49AD-9977-C1AC09DEBB1D}.Debug|Any CPU.ActiveCfg = Debug|Any CPU
		{AF1395F2-549B-49AD-9977-C1AC09DEBB1D}.Debug|Any CPU.Build.0 = Debug|Any CPU
		{AF1395F2-549B-49AD-9977-C1AC09DEBB1D}.Release|Any CPU.ActiveCfg = Release|Any CPU
		{AF1395F2-549B-49AD-9977-C1AC09DEBB1D}.Release|Any CPU.Build.0 = Release|Any CPU
		{19280814-1B0F-4302-9D55-9998DBC2B94A}.Debug|Any CPU.ActiveCfg = Debug|Any CPU
		{19280814-1B0F-4302-9D55-9998DBC2B94A}.Debug|Any CPU.Build.0 = Debug|Any CPU
		{19280814-1B0F-4302-9D55-9998DBC2B94A}.Release|Any CPU.ActiveCfg = Release|Any CPU
		{19280814-1B0F-4302-9D55-9998DBC2B94A}.Release|Any CPU.Build.0 = Release|Any CPU
		{F9F9715C-E2FF-419B-B6EB-BF7EED16518A}.Debug|Any CPU.ActiveCfg = Debug|Any CPU
		{F9F9715C-E2FF-419B-B6EB-BF7EED16518A}.Debug|Any CPU.Build.0 = Debug|Any CPU
		{F9F9715C-E2FF-419B-B6EB-BF7EED16518A}.Release|Any CPU.ActiveCfg = Release|Any CPU
		{F9F9715C-E2FF-419B-B6EB-BF7EED16518A}.Release|Any CPU.Build.0 = Release|Any CPU
		{F4DB638B-6CAD-4C14-A112-22406600A1ED}.Debug|Any CPU.ActiveCfg = Debug|Any CPU
		{F4DB638B-6CAD-4C14-A112-22406600A1ED}.Debug|Any CPU.Build.0 = Debug|Any CPU
		{F4DB638B-6CAD-4C14-A112-22406600A1ED}.Release|Any CPU.ActiveCfg = Release|Any CPU
		{F4DB638B-6CAD-4C14-A112-22406600A1ED}.Release|Any CPU.Build.0 = Release|Any CPU
	EndGlobalSection
	GlobalSection(SolutionProperties) = preSolution
		HideSolutionNode = FALSE
	EndGlobalSection
	GlobalSection(NestedProjects) = preSolution
		{2F8A40CC-6D15-486D-B689-0A7A472DB89E} = {C3D91385-7625-4877-A8B3-8E8D813EEAC7}
		{C543D656-F49D-4EB5-B6AF-13A5AC541F64} = {D6A2C992-312B-4EC4-B032-289FFDA87D90}
		{A57022D9-418F-06FD-CC5D-46FDD2F2126E} = {C3D91385-7625-4877-A8B3-8E8D813EEAC7}
		{8EA494D0-0DBE-A84C-B552-37398DC4E383} = {C3D91385-7625-4877-A8B3-8E8D813EEAC7}
		{CBBE5359-3131-43C8-B953-2B4F1B7FA690} = {C3D91385-7625-4877-A8B3-8E8D813EEAC7}
		{CDF5A65B-F4C5-4177-A8C3-C6E4F7014C44} = {C3D91385-7625-4877-A8B3-8E8D813EEAC7}
		{AF1395F2-549B-49AD-9977-C1AC09DEBB1D} = {C3D91385-7625-4877-A8B3-8E8D813EEAC7}
		{19280814-1B0F-4302-9D55-9998DBC2B94A} = {C3D91385-7625-4877-A8B3-8E8D813EEAC7}
		{F9F9715C-E2FF-419B-B6EB-BF7EED16518A} = {C3D91385-7625-4877-A8B3-8E8D813EEAC7}
		{F4DB638B-6CAD-4C14-A112-22406600A1ED} = {C3D91385-7625-4877-A8B3-8E8D813EEAC7}
	EndGlobalSection
	GlobalSection(ExtensibilityGlobals) = postSolution
		SolutionGuid = {25394121-1456-4FD9-A853-060A4DBBB74C}
	EndGlobalSection
	GlobalSection(SharedMSBuildProjectFiles) = preSolution
		RamuneLib-RoR2ified\RamuneLib-RoR2ified.projitems*{c543d656-f49d-4eb5-b6af-13a5ac541f64}*SharedItemsImports = 13
	EndGlobalSection
EndGlobal
